github.com/vxcontrol/golua v1.2.1 h1:vCfL3Z2WTGkgwPPsg3/SAVycOeU9y7iZ3dKtkSLfpYs=
github.com/vxcontrol/golua v1.2.1/go.mod h1:26j63zy6Cb44iDabdQKZp5l6kR1PY+v26nO+T7tZFtE=
github.com/vxcontrol/rmx v1.0.0 h1:tUOStV2fXBm4xrtSjIye4bLHI0ud/IhkvMbaeMyp8ts=
github.com/vxcontrol/rmx v1.0.0/go.mod h1:1styoLiLxmoRJtwR6cjrcrt5LheQcFP+dXcSgr3W8ZQ=
