github.com/vxcontrol/golua v1.3.0 h1:kjNNG+oL/bKSpDBMBQwzPgSDDrxoG9xVrNlVKxmWCoI=
github.com/vxcontrol/golua v1.3.0/go.mod h1:IsfilvnfNXs9C5maGYflqqUdX4igeeskG3lhYofqg3Q=
github.com/vxcontrol/rmx v1.1.0 h1:iKkzPj0pkqe/DBS2XkOZn+i8GxbtJiFKEPCqOr8/2wE=
github.com/vxcontrol/rmx v1.1.0/go.mod h1:1styoLiLxmoRJtwR6cjrcrt5LheQcFP+dXcSgr3W8ZQ=
